
Microsoft Visual Studio Solution File, Format Version 12.00
# Visual Studio Version 17
VisualStudioVersion = 17.14.36518.9 d17.14
MinimumVisualStudioVersion = 10.0.40219.1
Project("{FAE04EC0-301F-11D3-BF4B-00C04F79EFBC}") = "IPG.Library", "IPG.Library.csproj", "{654B3F41-FCDA-CD10-83BA-EF1108152B72}"
EndProject
Global
	GlobalSection(SolutionConfigurationPlatforms) = preSolution
		Debug|Any CPU = Debug|Any CPU
		Release|Any CPU = Release|Any CPU
	EndGlobalSection
	GlobalSection(ProjectConfigurationPlatforms) = postSolution
		{654B3F41-FCDA-CD10-83BA-EF1108152B72}.Debug|Any CPU.ActiveCfg = Debug|Any CPU
		{654B3F41-FCDA-CD10-83BA-EF1108152B72}.Debug|Any CPU.Build.0 = Debug|Any CPU
		{654B3F41-FCDA-CD10-83BA-EF1108152B72}.Release|Any CPU.ActiveCfg = Release|Any CPU
		{654B3F41-FCDA-CD10-83BA-EF1108152B72}.Release|Any CPU.Build.0 = Release|Any CPU
	EndGlobalSection
	GlobalSection(SolutionProperties) = preSolution
		HideSolutionNode = FALSE
	EndGlobalSection
	GlobalSection(ExtensibilityGlobals) = postSolution
		SolutionGuid = {EF19B812-DBAC-4FFE-A884-4D4C0044F77D}
	EndGlobalSection
EndGlobal
